
Microsoft Visual Studio Solution File, Format Version 12.00
# Visual Studio Version 16
VisualStudioVersion = 16.0.31105.61
MinimumVisualStudioVersion = 10.0.40219.1
Project("{8BC9CEB8-8B4A-11D0-8D11-00A0C91BC942}") = "ServerAlive2", "ServerAlive2\ServerAlive2.vcxproj", "{721BB59F-2C33-43DC-991E-6A457FED05F9}"
EndProject
Global
	GlobalSection(SolutionConfigurationPlatforms) = preSolution
		Debug|x64 = Debug|x64
		Debug|x86 = Debug|x86
		Release|x64 = Release|x64
		Release|x86 = Release|x86
	EndGlobalSection
	GlobalSection(ProjectConfigurationPlatforms) = postSolution
		{721BB59F-2C33-43DC-991E-6A457FED05F9}.Debug|x64.ActiveCfg = Debug|x64
		{721BB59F-2C33-43DC-991E-6A457FED05F9}.Debug|x64.Build.0 = Debug|x64
		{721BB59F-2C33-43DC-991E-6A457FED05F9}.Debug|x86.ActiveCfg = Debug|Win32
		{721BB59F-2C33-43DC-991E-6A457FED05F9}.Debug|x86.Build.0 = Debug|Win32
		{721BB59F-2C33-43DC-991E-6A457FED05F9}.Release|x64.ActiveCfg = Release|x64
		{721BB59F-2C33-43DC-991E-6A457FED05F9}.Release|x64.Build.0 = Release|x64
		{721BB59F-2C33-43DC-991E-6A457FED05F9}.Release|x86.ActiveCfg = Release|Win32
		{721BB59F-2C33-43DC-991E-6A457FED05F9}.Release|x86.Build.0 = Release|Win32
	EndGlobalSection
	GlobalSection(SolutionProperties) = preSolution
		HideSolutionNode = FALSE
	EndGlobalSection
	GlobalSection(ExtensibilityGlobals) = postSolution
		SolutionGuid = {93697F68-CEC0-4C4A-8673-8B91229A5A9D}
	EndGlobalSection
EndGlobal
